
Microsoft Visual Studio Solution File, Format Version 12.00
# Visual Studio 15
VisualStudioVersion = 15.0.28307.539
MinimumVisualStudioVersion = 10.0.40219.1
Project("{9A19103F-16F7-4668-BE54-9A1E7A4F7556}") = "TheQuest.Models", "TheQuest\TheQuest.Models.csproj", "{438EFD13-8533-40F8-8085-84108EBF510F}"
EndProject
Project("{FAE04EC0-301F-11D3-BF4B-00C04F79EFBC}") = "TheQuest.DatabaseEntities", "TheQuest.DatabaseEntities\TheQuest.DatabaseEntities.csproj", "{47026100-0578-4FDE-87E3-528992A794DF}"
EndProject
Global
	GlobalSection(SolutionConfigurationPlatforms) = preSolution
		Debug|Any CPU = Debug|Any CPU
		Release|Any CPU = Release|Any CPU
	EndGlobalSection
	GlobalSection(ProjectConfigurationPlatforms) = postSolution
		{438EFD13-8533-40F8-8085-84108EBF510F}.Debug|Any CPU.ActiveCfg = Debug|Any CPU
		{438EFD13-8533-40F8-8085-84108EBF510F}.Debug|Any CPU.Build.0 = Debug|Any CPU
		{438EFD13-8533-40F8-8085-84108EBF510F}.Release|Any CPU.ActiveCfg = Release|Any CPU
		{438EFD13-8533-40F8-8085-84108EBF510F}.Release|Any CPU.Build.0 = Release|Any CPU
		{47026100-0578-4FDE-87E3-528992A794DF}.Debug|Any CPU.ActiveCfg = Debug|Any CPU
		{47026100-0578-4FDE-87E3-528992A794DF}.Debug|Any CPU.Build.0 = Debug|Any CPU
		{47026100-0578-4FDE-87E3-528992A794DF}.Release|Any CPU.ActiveCfg = Release|Any CPU
		{47026100-0578-4FDE-87E3-528992A794DF}.Release|Any CPU.Build.0 = Release|Any CPU
	EndGlobalSection
	GlobalSection(SolutionProperties) = preSolution
		HideSolutionNode = FALSE
	EndGlobalSection
	GlobalSection(ExtensibilityGlobals) = postSolution
		SolutionGuid = {009A7E4D-7AC6-4CB8-8AC9-67E957D88D5A}
	EndGlobalSection
EndGlobal
